
Microsoft Visual Studio Solution File, Format Version 12.00
# Visual Studio Version 16
VisualStudioVersion = 16.0.32510.428
MinimumVisualStudioVersion = 10.0.40219.1
Project("{FAE04EC0-301F-11D3-BF4B-00C04F79EFBC}") = "WTW.Core", "WTW.Core.csproj", "{279A59C4-2D2E-40AB-9379-A2BF63683593}"
EndProject
Global
	GlobalSection(SolutionConfigurationPlatforms) = preSolution
		Debug|Any CPU = Debug|Any CPU
		Release|Any CPU = Release|Any CPU
	EndGlobalSection
	GlobalSection(ProjectConfigurationPlatforms) = postSolution
		{279A59C4-2D2E-40AB-9379-A2BF63683593}.Debug|Any CPU.ActiveCfg = Debug|Any CPU
		{279A59C4-2D2E-40AB-9379-A2BF63683593}.Debug|Any CPU.Build.0 = Debug|Any CPU
		{279A59C4-2D2E-40AB-9379-A2BF63683593}.Release|Any CPU.ActiveCfg = Release|Any CPU
		{279A59C4-2D2E-40AB-9379-A2BF63683593}.Release|Any CPU.Build.0 = Release|Any CPU
	EndGlobalSection
	GlobalSection(SolutionProperties) = preSolution
		HideSolutionNode = FALSE
	EndGlobalSection
	GlobalSection(ExtensibilityGlobals) = postSolution
		SolutionGuid = {8063FB20-0910-4CA2-A935-7A2910B05F0E}
	EndGlobalSection
EndGlobal
